// !$*UTF8*$!
{
	archiveVersion = 1;
	classes = {
	};
	objectVersion = 60;
	objects = {

/* Begin PBXBuildFile section */
		4CE4E99D2BBF010E002E028E /* FlySightApp.swift in Sources */ = {isa = PBXBuildFile; fileRef = 4CE4E99C2BBF010E002E028E /* FlySightApp.swift */; };
		4CE4E99F2BBF010E002E028E /* ContentView.swift in Sources */ = {isa = PBXBuildFile; fileRef = 4CE4E99E2BBF010E002E028E /* ContentView.swift */; };
		4CE4E9A12BBF010F002E028E /* Assets.xcassets in Resources */ = {isa = PBXBuildFile; fileRef = 4CE4E9A02BBF010F002E028E /* Assets.xcassets */; };
		4CE4E9A42BBF010F002E028E /* Preview Assets.xcassets in Resources */ = {isa = PBXBuildFile; fileRef = 4CE4E9A32BBF010F002E028E /* Preview Assets.xcassets */; };
		4CE4E9A62BBF010F002E028E /* Persistence.swift in Sources */ = {isa = PBXBuildFile; fileRef = 4CE4E9A52BBF010F002E028E /* Persistence.swift */; };
		4CE4E9A92BBF010F002E028E /* FlySight.xcdatamodeld in Sources */ = {isa = PBXBuildFile; fileRef = 4CE4E9A72BBF010F002E028E /* FlySight.xcdatamodeld */; };
		4CF56E3E2C028BA8002A1603 /* FlySightCore in Frameworks */ = {isa = PBXBuildFile; productRef = 4CF56E3D2C028BA8002A1603 /* FlySightCore */; };
/* End PBXBuildFile section */

/* Begin PBXFileReference section */
		4CE4E9992BBF010E002E028E /* FlySight.app */ = {isa = PBXFileReference; explicitFileType = wrapper.application; includeInIndex = 0; path = FlySight.app; sourceTree = BUILT_PRODUCTS_DIR; };
		4CE4E99C2BBF010E002E028E /* FlySightApp.swift */ = {isa = PBXFileReference; lastKnownFileType = sourcecode.swift; path = FlySightApp.swift; sourceTree = "<group>"; };
		4CE4E99E2BBF010E002E028E /* ContentView.swift */ = {isa = PBXFileReference; lastKnownFileType = sourcecode.swift; path = ContentView.swift; sourceTree = "<group>"; };
		4CE4E9A02BBF010F002E028E /* Assets.xcassets */ = {isa = PBXFileReference; lastKnownFileType = folder.assetcatalog; path = Assets.xcassets; sourceTree = "<group>"; };
		4CE4E9A32BBF010F002E028E /* Preview Assets.xcassets */ = {isa = PBXFileReference; lastKnownFileType = folder.assetcatalog; path = "Preview Assets.xcassets"; sourceTree = "<group>"; };
		4CE4E9A52BBF010F002E028E /* Persistence.swift */ = {isa = PBXFileReference; lastKnownFileType = sourcecode.swift; path = Persistence.swift; sourceTree = "<group>"; };
		4CE4E9A82BBF010F002E028E /* FlySight.xcdatamodel */ = {isa = PBXFileReference; lastKnownFileType = wrapper.xcdatamodel; path = FlySight.xcdatamodel; sourceTree = "<group>"; };
		4CE4E9AF2BBF3BB4002E028E /* Info.plist */ = {isa = PBXFileReference; lastKnownFileType = text.plist; path = Info.plist; sourceTree = "<group>"; };
/* End PBXFileReference section */

/* Begin PBXFrameworksBuildPhase section */
		4CE4E9962BBF010E002E028E /* Frameworks */ = {
			isa = PBXFrameworksBuildPhase;
			buildActionMask = 2147483647;
			files = (
				4CF56E3E2C028BA8002A1603 /* FlySightCore in Frameworks */,
			);
			runOnlyForDeploymentPostprocessing = 0;
		};
/* End PBXFrameworksBuildPhase section */

/* Begin PBXGroup section */
		4CE4E9902BBF010E002E028E = {
			isa = PBXGroup;
			children = (
				4CE4E99B2BBF010E002E028E /* FlySight */,
				4CE4E99A2BBF010E002E028E /* Products */,
			);
			sourceTree = "<group>";
		};
		4CE4E99A2BBF010E002E028E /* Products */ = {
			isa = PBXGroup;
			children = (
				4CE4E9992BBF010E002E028E /* FlySight.app */,
			);
			name = Products;
			sourceTree = "<group>";
		};
		4CE4E99B2BBF010E002E028E /* FlySight */ = {
			isa = PBXGroup;
			children = (
				4CE4E9AF2BBF3BB4002E028E /* Info.plist */,
				4CE4E99C2BBF010E002E028E /* FlySightApp.swift */,
				4CE4E99E2BBF010E002E028E /* ContentView.swift */,
				4CE4E9A02BBF010F002E028E /* Assets.xcassets */,
				4CE4E9A52BBF010F002E028E /* Persistence.swift */,
				4CE4E9A72BBF010F002E028E /* FlySight.xcdatamodeld */,
				4CE4E9A22BBF010F002E028E /* Preview Content */,
			);
			path = FlySight;
			sourceTree = "<group>";
		};
		4CE4E9A22BBF010F002E028E /* Preview Content */ = {
			isa = PBXGroup;
			children = (
				4CE4E9A32BBF010F002E028E /* Preview Assets.xcassets */,
			);
			path = "Preview Content";
			sourceTree = "<group>";
		};
/* End PBXGroup section */

/* Begin PBXNativeTarget section */
		4CE4E9982BBF010E002E028E /* FlySight */ = {
			isa = PBXNativeTarget;
			buildConfigurationList = 4CE4E9AC2BBF010F002E028E /* Build configuration list for PBXNativeTarget "FlySight" */;
			buildPhases = (
				4CE4E9952BBF010E002E028E /* Sources */,
				4CE4E9962BBF010E002E028E /* Frameworks */,
				4CE4E9972BBF010E002E028E /* Resources */,
			);
			buildRules = (
			);
			dependencies = (
			);
			name = FlySight;
			packageProductDependencies = (
				4CF56E3D2C028BA8002A1603 /* FlySightCore */,
			);
			productName = FlySight;
			productReference = 4CE4E9992BBF010E002E028E /* FlySight.app */;
			productType = "com.apple.product-type.application";
		};
/* End PBXNativeTarget section */

/* Begin PBXProject section */
		4CE4E9912BBF010E002E028E /* Project object */ = {
			isa = PBXProject;
			attributes = {
				BuildIndependentTargetsInParallel = 1;
				LastSwiftUpdateCheck = 1530;
				LastUpgradeCheck = 1530;
				TargetAttributes = {
					4CE4E9982BBF010E002E028E = {
						CreatedOnToolsVersion = 15.3;
					};
				};
			};
			buildConfigurationList = 4CE4E9942BBF010E002E028E /* Build configuration list for PBXProject "FlySight" */;
			compatibilityVersion = "Xcode 14.0";
			developmentRegion = en;
			hasScannedForEncodings = 0;
			knownRegions = (
				en,
				Base,
			);
			mainGroup = 4CE4E9902BBF010E002E028E;
			packageReferences = (
				4CF56E3C2C028BA8002A1603 /* XCLocalSwiftPackageReference "../FlySightCore" */,
			);
			productRefGroup = 4CE4E99A2BBF010E002E028E /* Products */;
			projectDirPath = "";
			projectRoot = "";
			targets = (
				4CE4E9982BBF010E002E028E /* FlySight */,
			);
		};
/* End PBXProject section */

/* Begin PBXResourcesBuildPhase section */
		4CE4E9972BBF010E002E028E /* Resources */ = {
			isa = PBXResourcesBuildPhase;
			buildActionMask = 2147483647;
			files = (
				4CE4E9A42BBF010F002E028E /* Preview Assets.xcassets in Resources */,
				4CE4E9A12BBF010F002E028E /* Assets.xcassets in Resources */,
			);
			runOnlyForDeploymentPostprocessing = 0;
		};
/* End PBXResourcesBuildPhase section */

/* Begin PBXSourcesBuildPhase section */
		4CE4E9952BBF010E002E028E /* Sources */ = {
			isa = PBXSourcesBuildPhase;
			buildActionMask = 2147483647;
			files = (
				4CE4E9A62BBF010F002E028E /* Persistence.swift in Sources */,
				4CE4E99F2BBF010E002E028E /* ContentView.swift in Sources */,
				4CE4E99D2BBF010E002E028E /* FlySightApp.swift in Sources */,
				4CE4E9A92BBF010F002E028E /* FlySight.xcdatamodeld in Sources */,
			);
			runOnlyForDeploymentPostprocessing = 0;
		};
/* End PBXSourcesBuildPhase section */

/* Begin XCBuildConfiguration section */
		4CE4E9AA2BBF010F002E028E /* Debug */ = {
			isa = XCBuildConfiguration;
			buildSettings = {
				ALWAYS_SEARCH_USER_PATHS = NO;
				ASSETCATALOG_COMPILER_GENERATE_SWIFT_ASSET_SYMBOL_EXTENSIONS = YES;
				CLANG_ANALYZER_NONNULL = YES;
				CLANG_ANALYZER_NUMBER_OBJECT_CONVERSION = YES_AGGRESSIVE;
				CLANG_CXX_LANGUAGE_STANDARD = "gnu++20";
				CLANG_ENABLE_MODULES = YES;
				CLANG_ENABLE_OBJC_ARC = YES;
				CLANG_ENABLE_OBJC_WEAK = YES;
				CLANG_WARN_BLOCK_CAPTURE_AUTORELEASING = YES;
				CLANG_WARN_BOOL_CONVERSION = YES;
				CLANG_WARN_COMMA = YES;
				CLANG_WARN_CONSTANT_CONVERSION = YES;
				CLANG_WARN_DEPRECATED_OBJC_IMPLEMENTATIONS = YES;
				CLANG_WARN_DIRECT_OBJC_ISA_USAGE = YES_ERROR;
				CLANG_WARN_DOCUMENTATION_COMMENTS = YES;
				CLANG_WARN_EMPTY_BODY = YES;
				CLANG_WARN_ENUM_CONVERSION = YES;
				CLANG_WARN_INFINITE_RECURSION = YES;
				CLANG_WARN_INT_CONVERSION = YES;
				CLANG_WARN_NON_LITERAL_NULL_CONVERSION = YES;
				CLANG_WARN_OBJC_IMPLICIT_RETAIN_SELF = YES;
				CLANG_WARN_OBJC_LITERAL_CONVERSION = YES;
				CLANG_WARN_OBJC_ROOT_CLASS = YES_ERROR;
				CLANG_WARN_QUOTED_INCLUDE_IN_FRAMEWORK_HEADER = YES;
				CLANG_WARN_RANGE_LOOP_ANALYSIS = YES;
				CLANG_WARN_STRICT_PROTOTYPES = YES;
				CLANG_WARN_SUSPICIOUS_MOVE = YES;
				CLANG_WARN_UNGUARDED_AVAILABILITY = YES_AGGRESSIVE;
				CLANG_WARN_UNREACHABLE_CODE = YES;
				CLANG_WARN__DUPLICATE_METHOD_MATCH = YES;
				COPY_PHASE_STRIP = NO;
				DEBUG_INFORMATION_FORMAT = dwarf;
				ENABLE_STRICT_OBJC_MSGSEND = YES;
				ENABLE_TESTABILITY = YES;
				ENABLE_USER_SCRIPT_SANDBOXING = YES;
				GCC_C_LANGUAGE_STANDARD = gnu17;
				GCC_DYNAMIC_NO_PIC = NO;
				GCC_NO_COMMON_BLOCKS = YES;
				GCC_OPTIMIZATION_LEVEL = 0;
				GCC_PREPROCESSOR_DEFINITIONS = (
					"DEBUG=1",
					"$(inherited)",
				);
				GCC_WARN_64_TO_32_BIT_CONVERSION = YES;
				GCC_WARN_ABOUT_RETURN_TYPE = YES_ERROR;
				GCC_WARN_UNDECLARED_SELECTOR = YES;
				GCC_WARN_UNINITIALIZED_AUTOS = YES_AGGRESSIVE;
				GCC_WARN_UNUSED_FUNCTION = YES;
				GCC_WARN_UNUSED_VARIABLE = YES;
				IPHONEOS_DEPLOYMENT_TARGET = 17.4;
				LOCALIZATION_PREFERS_STRING_CATALOGS = YES;
				MTL_ENABLE_DEBUG_INFO = INCLUDE_SOURCE;
				MTL_FAST_MATH = YES;
				ONLY_ACTIVE_ARCH = YES;
				SDKROOT = iphoneos;
				SWIFT_ACTIVE_COMPILATION_CONDITIONS = "DEBUG $(inherited)";
				SWIFT_OPTIMIZATION_LEVEL = "-Onone";
			};
			name = Debug;
		};
		4CE4E9AB2BBF010F002E028E /* Release */ = {
			isa = XCBuildConfiguration;
			buildSettings = {
				ALWAYS_SEARCH_USER_PATHS = NO;
				ASSETCATALOG_COMPILER_GENERATE_SWIFT_ASSET_SYMBOL_EXTENSIONS = YES;
				CLANG_ANALYZER_NONNULL = YES;
				CLANG_ANALYZER_NUMBER_OBJECT_CONVERSION = YES_AGGRESSIVE;
				CLANG_CXX_LANGUAGE_STANDARD = "gnu++20";
				CLANG_ENABLE_MODULES = YES;
				CLANG_ENABLE_OBJC_ARC = YES;
				CLANG_ENABLE_OBJC_WEAK = YES;
				CLANG_WARN_BLOCK_CAPTURE_AUTORELEASING = YES;
				CLANG_WARN_BOOL_CONVERSION = YES;
				CLANG_WARN_COMMA = YES;
				CLANG_WARN_CONSTANT_CONVERSION = YES;
				CLANG_WARN_DEPRECATED_OBJC_IMPLEMENTATIONS = YES;
				CLANG_WARN_DIRECT_OBJC_ISA_USAGE = YES_ERROR;
				CLANG_WARN_DOCUMENTATION_COMMENTS = YES;
				CLANG_WARN_EMPTY_BODY = YES;
				CLANG_WARN_ENUM_CONVERSION = YES;
				CLANG_WARN_INFINITE_RECURSION = YES;
				CLANG_WARN_INT_CONVERSION = YES;
				CLANG_WARN_NON_LITERAL_NULL_CONVERSION = YES;
				CLANG_WARN_OBJC_IMPLICIT_RETAIN_SELF = YES;
				CLANG_WARN_OBJC_LITERAL_CONVERSION = YES;
				CLANG_WARN_OBJC_ROOT_CLASS = YES_ERROR;
				CLANG_WARN_QUOTED_INCLUDE_IN_FRAMEWORK_HEADER = YES;
				CLANG_WARN_RANGE_LOOP_ANALYSIS = YES;
				CLANG_WARN_STRICT_PROTOTYPES = YES;
				CLANG_WARN_SUSPICIOUS_MOVE = YES;
				CLANG_WARN_UNGUARDED_AVAILABILITY = YES_AGGRESSIVE;
				CLANG_WARN_UNREACHABLE_CODE = YES;
				CLANG_WARN__DUPLICATE_METHOD_MATCH = YES;
				COPY_PHASE_STRIP = NO;
				DEBUG_INFORMATION_FORMAT = "dwarf-with-dsym";
				ENABLE_NS_ASSERTIONS = NO;
				ENABLE_STRICT_OBJC_MSGSEND = YES;
				ENABLE_USER_SCRIPT_SANDBOXING = YES;
				GCC_C_LANGUAGE_STANDARD = gnu17;
				GCC_NO_COMMON_BLOCKS = YES;
				GCC_WARN_64_TO_32_BIT_CONVERSION = YES;
				GCC_WARN_ABOUT_RETURN_TYPE = YES_ERROR;
				GCC_WARN_UNDECLARED_SELECTOR = YES;
				GCC_WARN_UNINITIALIZED_AUTOS = YES_AGGRESSIVE;
				GCC_WARN_UNUSED_FUNCTION = YES;
				GCC_WARN_UNUSED_VARIABLE = YES;
				IPHONEOS_DEPLOYMENT_TARGET = 17.4;
				LOCALIZATION_PREFERS_STRING_CATALOGS = YES;
				MTL_ENABLE_DEBUG_INFO = NO;
				MTL_FAST_MATH = YES;
				SDKROOT = iphoneos;
				SWIFT_COMPILATION_MODE = wholemodule;
				VALIDATE_PRODUCT = YES;
			};
			name = Release;
		};
		4CE4E9AD2BBF010F002E028E /* Debug */ = {
			isa = XCBuildConfiguration;
			buildSettings = {
				ASSETCATALOG_COMPILER_APPICON_NAME = AppIcon;
				ASSETCATALOG_COMPILER_GLOBAL_ACCENT_COLOR_NAME = AccentColor;
				CODE_SIGN_STYLE = Automatic;
				CURRENT_PROJECT_VERSION = 1;
				DEVELOPMENT_ASSET_PATHS = "\"FlySight/Preview Content\"";
				DEVELOPMENT_TEAM = L36ZF22GUH;
				ENABLE_PREVIEWS = YES;
				GENERATE_INFOPLIST_FILE = YES;
				INFOPLIST_FILE = FlySight/Info.plist;
				INFOPLIST_KEY_NSBluetoothAlwaysUsageDescription = "Can this app use Bluetooth?";
				INFOPLIST_KEY_NSBluetoothPeripheralUsageDescription = "Can this app communicate with Bluetooth peripherals?";
				INFOPLIST_KEY_UIApplicationSceneManifest_Generation = YES;
				INFOPLIST_KEY_UIApplicationSupportsIndirectInputEvents = YES;
				INFOPLIST_KEY_UILaunchScreen_Generation = YES;
				INFOPLIST_KEY_UISupportedInterfaceOrientations_iPad = "UIInterfaceOrientationPortrait UIInterfaceOrientationPortraitUpsideDown UIInterfaceOrientationLandscapeLeft UIInterfaceOrientationLandscapeRight";
				INFOPLIST_KEY_UISupportedInterfaceOrientations_iPhone = "UIInterfaceOrientationPortrait UIInterfaceOrientationLandscapeLeft UIInterfaceOrientationLandscapeRight";
				IPHONEOS_DEPLOYMENT_TARGET = 14.0;
				LD_RUNPATH_SEARCH_PATHS = (
					"$(inherited)",
					"@executable_path/Frameworks",
				);
				MARKETING_VERSION = 1.0;
				PRODUCT_BUNDLE_IDENTIFIER = ca.flysight.FlySight;
				PRODUCT_NAME = "$(TARGET_NAME)";
				SWIFT_EMIT_LOC_STRINGS = YES;
				SWIFT_VERSION = 5.0;
				TARGETED_DEVICE_FAMILY = "1,2";
			};
			name = Debug;
		};
		4CE4E9AE2BBF010F002E028E /* Release */ = {
			isa = XCBuildConfiguration;
			buildSettings = {
				ASSETCATALOG_COMPILER_APPICON_NAME = AppIcon;
				ASSETCATALOG_COMPILER_GLOBAL_ACCENT_COLOR_NAME = AccentColor;
				CODE_SIGN_STYLE = Automatic;
				CURRENT_PROJECT_VERSION = 1;
				DEVELOPMENT_ASSET_PATHS = "\"FlySight/Preview Content\"";
				DEVELOPMENT_TEAM = L36ZF22GUH;
				ENABLE_PREVIEWS = YES;
				GENERATE_INFOPLIST_FILE = YES;
				INFOPLIST_FILE = FlySight/Info.plist;
				INFOPLIST_KEY_NSBluetoothAlwaysUsageDescription = "Can this app use Bluetooth?";
				INFOPLIST_KEY_NSBluetoothPeripheralUsageDescription = "Can this app communicate with Bluetooth peripherals?";
				INFOPLIST_KEY_UIApplicationSceneManifest_Generation = YES;
				INFOPLIST_KEY_UIApplicationSupportsIndirectInputEvents = YES;
				INFOPLIST_KEY_UILaunchScreen_Generation = YES;
				INFOPLIST_KEY_UISupportedInterfaceOrientations_iPad = "UIInterfaceOrientationPortrait UIInterfaceOrientationPortraitUpsideDown UIInterfaceOrientationLandscapeLeft UIInterfaceOrientationLandscapeRight";
				INFOPLIST_KEY_UISupportedInterfaceOrientations_iPhone = "UIInterfaceOrientationPortrait UIInterfaceOrientationLandscapeLeft UIInterfaceOrientationLandscapeRight";
				IPHONEOS_DEPLOYMENT_TARGET = 14.0;
				LD_RUNPATH_SEARCH_PATHS = (
					"$(inherited)",
					"@executable_path/Frameworks",
				);
				MARKETING_VERSION = 1.0;
				PRODUCT_BUNDLE_IDENTIFIER = ca.flysight.FlySight;
				PRODUCT_NAME = "$(TARGET_NAME)";
				SWIFT_EMIT_LOC_STRINGS = YES;
				SWIFT_VERSION = 5.0;
				TARGETED_DEVICE_FAMILY = "1,2";
			};
			name = Release;
		};
/* End XCBuildConfiguration section */

/* Begin XCConfigurationList section */
		4CE4E9942BBF010E002E028E /* Build configuration list for PBXProject "FlySight" */ = {
			isa = XCConfigurationList;
			buildConfigurations = (
				4CE4E9AA2BBF010F002E028E /* Debug */,
				4CE4E9AB2BBF010F002E028E /* Release */,
			);
			defaultConfigurationIsVisible = 0;
			defaultConfigurationName = Release;
		};
		4CE4E9AC2BBF010F002E028E /* Build configuration list for PBXNativeTarget "FlySight" */ = {
			isa = XCConfigurationList;
			buildConfigurations = (
				4CE4E9AD2BBF010F002E028E /* Debug */,
				4CE4E9AE2BBF010F002E028E /* Release */,
			);
			defaultConfigurationIsVisible = 0;
			defaultConfigurationName = Release;
		};
/* End XCConfigurationList section */

/* Begin XCLocalSwiftPackageReference section */
		4CF56E3C2C028BA8002A1603 /* XCLocalSwiftPackageReference "../FlySightCore" */ = {
			isa = XCLocalSwiftPackageReference;
			relativePath = ../FlySightCore;
		};
/* End XCLocalSwiftPackageReference section */

/* Begin XCSwiftPackageProductDependency section */
		4CF56E3D2C028BA8002A1603 /* FlySightCore */ = {
			isa = XCSwiftPackageProductDependency;
			productName = FlySightCore;
		};
/* End XCSwiftPackageProductDependency section */

/* Begin XCVersionGroup section */
		4CE4E9A72BBF010F002E028E /* FlySight.xcdatamodeld */ = {
			isa = XCVersionGroup;
			children = (
				4CE4E9A82BBF010F002E028E /* FlySight.xcdatamodel */,
			);
			currentVersion = 4CE4E9A82BBF010F002E028E /* FlySight.xcdatamodel */;
			path = FlySight.xcdatamodeld;
			sourceTree = "<group>";
			versionGroupType = wrapper.xcdatamodel;
		};
/* End XCVersionGroup section */
	};
	rootObject = 4CE4E9912BBF010E002E028E /* Project object */;
}
